// !$*UTF8*$!
{
	archiveVersion = 1;
	classes = {
	};
	objectVersion = 56;
	objects = {

/* Begin PBXBuildFile section */
		8A2927FD2BF97E1800B7864A /* paceringApp.swift in Sources */ = {isa = PBXBuildFile; fileRef = 8A2927FC2BF97E1800B7864A /* paceringApp.swift */; };
		8A2927FF2BF97E1800B7864A /* ContentView.swift in Sources */ = {isa = PBXBuildFile; fileRef = 8A2927FE2BF97E1800B7864A /* ContentView.swift */; };
		8A2928012BF97E1800B7864A /* Item.swift in Sources */ = {isa = PBXBuildFile; fileRef = 8A2928002BF97E1800B7864A /* Item.swift */; };
		8A2928032BF97E1A00B7864A /* Assets.xcassets in Resources */ = {isa = PBXBuildFile; fileRef = 8A2928022BF97E1A00B7864A /* Assets.xcassets */; };
		8A2928072BF97E1A00B7864A /* Preview Assets.xcassets in Resources */ = {isa = PBXBuildFile; fileRef = 8A2928062BF97E1A00B7864A /* Preview Assets.xcassets */; };
		8A2928112BF97E1A00B7864A /* paceringTests.swift in Sources */ = {isa = PBXBuildFile; fileRef = 8A2928102BF97E1A00B7864A /* paceringTests.swift */; };
		8A29281B2BF97E1A00B7864A /* paceringUITests.swift in Sources */ = {isa = PBXBuildFile; fileRef = 8A29281A2BF97E1A00B7864A /* paceringUITests.swift */; };
		8A29281D2BF97E1A00B7864A /* paceringUITestsLaunchTests.swift in Sources */ = {isa = PBXBuildFile; fileRef = 8A29281C2BF97E1A00B7864A /* paceringUITestsLaunchTests.swift */; };
		8A9B64232C4F9B050032320A /* WorkAppsView.swift in Sources */ = {isa = PBXBuildFile; fileRef = 8A9B64222C4F9B050032320A /* WorkAppsView.swift */; };
		8AC0DE5B2E28D0D000178E8E /* GLMService.swift in Sources */ = {isa = PBXBuildFile; fileRef = 8AC0DE5A2E28D0D000178E8E /* GLMService.swift */; };
		8AC0DE5C2E28D0D000178E8E /* AIAnalysisView.swift in Sources */ = {isa = PBXBuildFile; fileRef = 8AC0DE592E28D0D000178E8E /* AIAnalysisView.swift */; };
/* End PBXBuildFile section */

/* Begin PBXContainerItemProxy section */
		8A29280D2BF97E1A00B7864A /* PBXContainerItemProxy */ = {
			isa = PBXContainerItemProxy;
			containerPortal = 8A2927F12BF97E1800B7864A /* Project object */;
			proxyType = 1;
			remoteGlobalIDString = 8A2927F82BF97E1800B7864A;
			remoteInfo = pacering;
		};
		8A2928172BF97E1A00B7864A /* PBXContainerItemProxy */ = {
			isa = PBXContainerItemProxy;
			containerPortal = 8A2927F12BF97E1800B7864A /* Project object */;
			proxyType = 1;
			remoteGlobalIDString = 8A2927F82BF97E1800B7864A;
			remoteInfo = pacering;
		};
		8A5CAB672C85C0A400773882 /* PBXContainerItemProxy */ = {
			isa = PBXContainerItemProxy;
			containerPortal = 8A2927F12BF97E1800B7864A /* Project object */;
			proxyType = 1;
			remoteGlobalIDString = 8A5CAB572C85C0A200773882;
			remoteInfo = "Pacering Helper";
		};
		8A5CAB712C85C0A400773882 /* PBXContainerItemProxy */ = {
			isa = PBXContainerItemProxy;
			containerPortal = 8A2927F12BF97E1800B7864A /* Project object */;
			proxyType = 1;
			remoteGlobalIDString = 8A5CAB572C85C0A200773882;
			remoteInfo = "Pacering Helper";
		};
/* End PBXContainerItemProxy section */

/* Begin PBXFileReference section */
		8A2927F92BF97E1800B7864A /* Pacering.app */ = {isa = PBXFileReference; explicitFileType = wrapper.application; includeInIndex = 0; path = Pacering.app; sourceTree = BUILT_PRODUCTS_DIR; };
		8A2927FC2BF97E1800B7864A /* paceringApp.swift */ = {isa = PBXFileReference; lastKnownFileType = sourcecode.swift; path = paceringApp.swift; sourceTree = "<group>"; };
		8A2927FE2BF97E1800B7864A /* ContentView.swift */ = {isa = PBXFileReference; lastKnownFileType = sourcecode.swift; path = ContentView.swift; sourceTree = "<group>"; };
		8A2928002BF97E1800B7864A /* Item.swift */ = {isa = PBXFileReference; lastKnownFileType = sourcecode.swift; path = Item.swift; sourceTree = "<group>"; };
		8A2928022BF97E1A00B7864A /* Assets.xcassets */ = {isa = PBXFileReference; lastKnownFileType = folder.assetcatalog; path = Assets.xcassets; sourceTree = "<group>"; };
		8A2928042BF97E1A00B7864A /* pacering.entitlements */ = {isa = PBXFileReference; lastKnownFileType = text.plist.entitlements; path = pacering.entitlements; sourceTree = "<group>"; };
		8A2928062BF97E1A00B7864A /* Preview Assets.xcassets */ = {isa = PBXFileReference; lastKnownFileType = folder.assetcatalog; path = "Preview Assets.xcassets"; sourceTree = "<group>"; };
		8A29280C2BF97E1A00B7864A /* paceringTests.xctest */ = {isa = PBXFileReference; explicitFileType = wrapper.cfbundle; includeInIndex = 0; path = paceringTests.xctest; sourceTree = BUILT_PRODUCTS_DIR; };
		8A2928102BF97E1A00B7864A /* paceringTests.swift */ = {isa = PBXFileReference; lastKnownFileType = sourcecode.swift; path = paceringTests.swift; sourceTree = "<group>"; };
		8A2928162BF97E1A00B7864A /* paceringUITests.xctest */ = {isa = PBXFileReference; explicitFileType = wrapper.cfbundle; includeInIndex = 0; path = paceringUITests.xctest; sourceTree = BUILT_PRODUCTS_DIR; };
		8A29281A2BF97E1A00B7864A /* paceringUITests.swift */ = {isa = PBXFileReference; lastKnownFileType = sourcecode.swift; path = paceringUITests.swift; sourceTree = "<group>"; };
		8A29281C2BF97E1A00B7864A /* paceringUITestsLaunchTests.swift */ = {isa = PBXFileReference; lastKnownFileType = sourcecode.swift; path = paceringUITestsLaunchTests.swift; sourceTree = "<group>"; };
		8A5CAB582C85C0A200773882 /* Pacering Helper.app */ = {isa = PBXFileReference; explicitFileType = wrapper.application; includeInIndex = 0; path = "Pacering Helper.app"; sourceTree = BUILT_PRODUCTS_DIR; };
		8A5CAB662C85C0A400773882 /* Pacering HelperTests.xctest */ = {isa = PBXFileReference; explicitFileType = wrapper.cfbundle; includeInIndex = 0; path = "Pacering HelperTests.xctest"; sourceTree = BUILT_PRODUCTS_DIR; };
		8A5CAB702C85C0A400773882 /* Pacering HelperUITests.xctest */ = {isa = PBXFileReference; explicitFileType = wrapper.cfbundle; includeInIndex = 0; path = "Pacering HelperUITests.xctest"; sourceTree = BUILT_PRODUCTS_DIR; };
		8A9B64222C4F9B050032320A /* WorkAppsView.swift */ = {isa = PBXFileReference; lastKnownFileType = sourcecode.swift; path = WorkAppsView.swift; sourceTree = "<group>"; };
		8AC0DE592E28D0D000178E8E /* AIAnalysisView.swift */ = {isa = PBXFileReference; lastKnownFileType = sourcecode.swift; path = AIAnalysisView.swift; sourceTree = "<group>"; };
		8AC0DE5A2E28D0D000178E8E /* GLMService.swift */ = {isa = PBXFileReference; lastKnownFileType = sourcecode.swift; path = GLMService.swift; sourceTree = "<group>"; };
/* End PBXFileReference section */

/* Begin PBXFrameworksBuildPhase section */
		8A2927F62BF97E1800B7864A /* Frameworks */ = {
			isa = PBXFrameworksBuildPhase;
			buildActionMask = 2147483647;
			files = (
			);
			runOnlyForDeploymentPostprocessing = 0;
		};
		8A2928092BF97E1A00B7864A /* Frameworks */ = {
			isa = PBXFrameworksBuildPhase;
			buildActionMask = 2147483647;
			files = (
			);
			runOnlyForDeploymentPostprocessing = 0;
		};
		8A2928132BF97E1A00B7864A /* Frameworks */ = {
			isa = PBXFrameworksBuildPhase;
			buildActionMask = 2147483647;
			files = (
			);
			runOnlyForDeploymentPostprocessing = 0;
		};
		8A5CAB552C85C0A200773882 /* Frameworks */ = {
			isa = PBXFrameworksBuildPhase;
			buildActionMask = 2147483647;
			files = (
			);
			runOnlyForDeploymentPostprocessing = 0;
		};
		8A5CAB632C85C0A400773882 /* Frameworks */ = {
			isa = PBXFrameworksBuildPhase;
			buildActionMask = 2147483647;
			files = (
			);
			runOnlyForDeploymentPostprocessing = 0;
		};
		8A5CAB6D2C85C0A400773882 /* Frameworks */ = {
			isa = PBXFrameworksBuildPhase;
			buildActionMask = 2147483647;
			files = (
			);
			runOnlyForDeploymentPostprocessing = 0;
		};
/* End PBXFrameworksBuildPhase section */

/* Begin PBXGroup section */
		8A2927F02BF97E1800B7864A = {
			isa = PBXGroup;
			children = (
				8A2927FB2BF97E1800B7864A /* pacering */,
				8A29280F2BF97E1A00B7864A /* paceringTests */,
				8A2928192BF97E1A00B7864A /* paceringUITests */,
				8A2927FA2BF97E1800B7864A /* Products */,
			);
			sourceTree = "<group>";
		};
		8A2927FA2BF97E1800B7864A /* Products */ = {
			isa = PBXGroup;
			children = (
				8A2927F92BF97E1800B7864A /* Pacering.app */,
				8A29280C2BF97E1A00B7864A /* paceringTests.xctest */,
				8A2928162BF97E1A00B7864A /* paceringUITests.xctest */,
				8A5CAB582C85C0A200773882 /* Pacering Helper.app */,
				8A5CAB662C85C0A400773882 /* Pacering HelperTests.xctest */,
				8A5CAB702C85C0A400773882 /* Pacering HelperUITests.xctest */,
			);
			name = Products;
			sourceTree = "<group>";
		};
		8A2927FB2BF97E1800B7864A /* pacering */ = {
			isa = PBXGroup;
			children = (
				8A2927FC2BF97E1800B7864A /* paceringApp.swift */,
				8A2927FE2BF97E1800B7864A /* ContentView.swift */,
				8AC0DE592E28D0D000178E8E /* AIAnalysisView.swift */,
				8AC0DE5A2E28D0D000178E8E /* GLMService.swift */,
				8A9B64222C4F9B050032320A /* WorkAppsView.swift */,
				8A2928002BF97E1800B7864A /* Item.swift */,
				8A2928022BF97E1A00B7864A /* Assets.xcassets */,
				8A2928042BF97E1A00B7864A /* pacering.entitlements */,
				8A2928052BF97E1A00B7864A /* Preview Content */,
			);
			path = pacering;
			sourceTree = "<group>";
		};
		8A2928052BF97E1A00B7864A /* Preview Content */ = {
			isa = PBXGroup;
			children = (
				8A2928062BF97E1A00B7864A /* Preview Assets.xcassets */,
			);
			path = "Preview Content";
			sourceTree = "<group>";
		};
		8A29280F2BF97E1A00B7864A /* paceringTests */ = {
			isa = PBXGroup;
			children = (
				8A2928102BF97E1A00B7864A /* paceringTests.swift */,
			);
			path = paceringTests;
			sourceTree = "<group>";
		};
		8A2928192BF97E1A00B7864A /* paceringUITests */ = {
			isa = PBXGroup;
			children = (
				8A29281A2BF97E1A00B7864A /* paceringUITests.swift */,
				8A29281C2BF97E1A00B7864A /* paceringUITestsLaunchTests.swift */,
			);
			path = paceringUITests;
			sourceTree = "<group>";
		};
/* End PBXGroup section */

/* Begin PBXNativeTarget section */
		8A2927F82BF97E1800B7864A /* Pacering */ = {
			isa = PBXNativeTarget;
			buildConfigurationList = 8A2928202BF97E1A00B7864A /* Build configuration list for PBXNativeTarget "Pacering" */;
			buildPhases = (
				8A2927F52BF97E1800B7864A /* Sources */,
				8A2927F62BF97E1800B7864A /* Frameworks */,
				8A2927F72BF97E1800B7864A /* Resources */,
			);
			buildRules = (
			);
			dependencies = (
			);
			name = Pacering;
			productName = pacering;
			productReference = 8A2927F92BF97E1800B7864A /* Pacering.app */;
			productType = "com.apple.product-type.application";
		};
		8A29280B2BF97E1A00B7864A /* paceringTests */ = {
			isa = PBXNativeTarget;
			buildConfigurationList = 8A2928232BF97E1A00B7864A /* Build configuration list for PBXNativeTarget "paceringTests" */;
			buildPhases = (
				8A2928082BF97E1A00B7864A /* Sources */,
				8A2928092BF97E1A00B7864A /* Frameworks */,
				8A29280A2BF97E1A00B7864A /* Resources */,
			);
			buildRules = (
			);
			dependencies = (
				8A29280E2BF97E1A00B7864A /* PBXTargetDependency */,
			);
			name = paceringTests;
			productName = paceringTests;
			productReference = 8A29280C2BF97E1A00B7864A /* paceringTests.xctest */;
			productType = "com.apple.product-type.bundle.unit-test";
		};
		8A2928152BF97E1A00B7864A /* paceringUITests */ = {
			isa = PBXNativeTarget;
			buildConfigurationList = 8A2928262BF97E1A00B7864A /* Build configuration list for PBXNativeTarget "paceringUITests" */;
			buildPhases = (
				8A2928122BF97E1A00B7864A /* Sources */,
				8A2928132BF97E1A00B7864A /* Frameworks */,
				8A2928142BF97E1A00B7864A /* Resources */,
			);
			buildRules = (
			);
			dependencies = (
				8A2928182BF97E1A00B7864A /* PBXTargetDependency */,
			);
			name = paceringUITests;
			productName = paceringUITests;
			productReference = 8A2928162BF97E1A00B7864A /* paceringUITests.xctest */;
			productType = "com.apple.product-type.bundle.ui-testing";
		};
		8A5CAB572C85C0A200773882 /* Pacering Helper */ = {
			isa = PBXNativeTarget;
			buildConfigurationList = 8A5CAB7F2C85C0A400773882 /* Build configuration list for PBXNativeTarget "Pacering Helper" */;
			buildPhases = (
				8A5CAB542C85C0A200773882 /* Sources */,
				8A5CAB552C85C0A200773882 /* Frameworks */,
				8A5CAB562C85C0A200773882 /* Resources */,
			);
			buildRules = (
			);
			dependencies = (
			);
			name = "Pacering Helper";
			packageProductDependencies = (
			);
			productName = "Pacering Helper";
			productReference = 8A5CAB582C85C0A200773882 /* Pacering Helper.app */;
			productType = "com.apple.product-type.application";
		};
		8A5CAB652C85C0A400773882 /* Pacering HelperTests */ = {
			isa = PBXNativeTarget;
			buildConfigurationList = 8A5CAB812C85C0A400773882 /* Build configuration list for PBXNativeTarget "Pacering HelperTests" */;
			buildPhases = (
				8A5CAB622C85C0A400773882 /* Sources */,
				8A5CAB632C85C0A400773882 /* Frameworks */,
				8A5CAB642C85C0A400773882 /* Resources */,
			);
			buildRules = (
			);
			dependencies = (
				8A5CAB682C85C0A400773882 /* PBXTargetDependency */,
			);
			name = "Pacering HelperTests";
			packageProductDependencies = (
			);
			productName = "Pacering HelperTests";
			productReference = 8A5CAB662C85C0A400773882 /* Pacering HelperTests.xctest */;
			productType = "com.apple.product-type.bundle.unit-test";
		};
		8A5CAB6F2C85C0A400773882 /* Pacering HelperUITests */ = {
			isa = PBXNativeTarget;
			buildConfigurationList = 8A5CAB822C85C0A400773882 /* Build configuration list for PBXNativeTarget "Pacering HelperUITests" */;
			buildPhases = (
				8A5CAB6C2C85C0A400773882 /* Sources */,
				8A5CAB6D2C85C0A400773882 /* Frameworks */,
				8A5CAB6E2C85C0A400773882 /* Resources */,
			);
			buildRules = (
			);
			dependencies = (
				8A5CAB722C85C0A400773882 /* PBXTargetDependency */,
			);
			name = "Pacering HelperUITests";
			packageProductDependencies = (
			);
			productName = "Pacering HelperUITests";
			productReference = 8A5CAB702C85C0A400773882 /* Pacering HelperUITests.xctest */;
			productType = "com.apple.product-type.bundle.ui-testing";
		};
/* End PBXNativeTarget section */

/* Begin PBXProject section */
		8A2927F12BF97E1800B7864A /* Project object */ = {
			isa = PBXProject;
			attributes = {
				BuildIndependentTargetsInParallel = 1;
				LastSwiftUpdateCheck = 1600;
				LastUpgradeCheck = 1600;
				TargetAttributes = {
					8A2927F82BF97E1800B7864A = {
						CreatedOnToolsVersion = 15.4;
					};
					8A29280B2BF97E1A00B7864A = {
						CreatedOnToolsVersion = 15.4;
						TestTargetID = 8A2927F82BF97E1800B7864A;
					};
					8A2928152BF97E1A00B7864A = {
						CreatedOnToolsVersion = 15.4;
						TestTargetID = 8A2927F82BF97E1800B7864A;
					};
					8A5CAB572C85C0A200773882 = {
						CreatedOnToolsVersion = 16.0;
					};
					8A5CAB652C85C0A400773882 = {
						CreatedOnToolsVersion = 16.0;
						TestTargetID = 8A5CAB572C85C0A200773882;
					};
					8A5CAB6F2C85C0A400773882 = {
						CreatedOnToolsVersion = 16.0;
						TestTargetID = 8A5CAB572C85C0A200773882;
					};
				};
			};
			buildConfigurationList = 8A2927F42BF97E1800B7864A /* Build configuration list for PBXProject "pacering" */;
			compatibilityVersion = "Xcode 14.0";
			developmentRegion = en;
			hasScannedForEncodings = 0;
			knownRegions = (
				en,
				Base,
			);
			mainGroup = 8A2927F02BF97E1800B7864A;
			productRefGroup = 8A2927FA2BF97E1800B7864A /* Products */;
			projectDirPath = "";
			projectRoot = "";
			targets = (
				8A2927F82BF97E1800B7864A /* Pacering */,
				8A29280B2BF97E1A00B7864A /* paceringTests */,
				8A2928152BF97E1A00B7864A /* paceringUITests */,
				8A5CAB572C85C0A200773882 /* Pacering Helper */,
				8A5CAB652C85C0A400773882 /* Pacering HelperTests */,
				8A5CAB6F2C85C0A400773882 /* Pacering HelperUITests */,
			);
		};
/* End PBXProject section */

/* Begin PBXResourcesBuildPhase section */
		8A2927F72BF97E1800B7864A /* Resources */ = {
			isa = PBXResourcesBuildPhase;
			buildActionMask = 2147483647;
			files = (
				8A2928072BF97E1A00B7864A /* Preview Assets.xcassets in Resources */,
				8A2928032BF97E1A00B7864A /* Assets.xcassets in Resources */,
			);
			runOnlyForDeploymentPostprocessing = 0;
		};
		8A29280A2BF97E1A00B7864A /* Resources */ = {
			isa = PBXResourcesBuildPhase;
			buildActionMask = 2147483647;
			files = (
			);
			runOnlyForDeploymentPostprocessing = 0;
		};
		8A2928142BF97E1A00B7864A /* Resources */ = {
			isa = PBXResourcesBuildPhase;
			buildActionMask = 2147483647;
			files = (
			);
			runOnlyForDeploymentPostprocessing = 0;
		};
		8A5CAB562C85C0A200773882 /* Resources */ = {
			isa = PBXResourcesBuildPhase;
			buildActionMask = 2147483647;
			files = (
			);
			runOnlyForDeploymentPostprocessing = 0;
		};
		8A5CAB642C85C0A400773882 /* Resources */ = {
			isa = PBXResourcesBuildPhase;
			buildActionMask = 2147483647;
			files = (
			);
			runOnlyForDeploymentPostprocessing = 0;
		};
		8A5CAB6E2C85C0A400773882 /* Resources */ = {
			isa = PBXResourcesBuildPhase;
			buildActionMask = 2147483647;
			files = (
			);
			runOnlyForDeploymentPostprocessing = 0;
		};
/* End PBXResourcesBuildPhase section */

/* Begin PBXSourcesBuildPhase section */
		8A2927F52BF97E1800B7864A /* Sources */ = {
			isa = PBXSourcesBuildPhase;
			buildActionMask = 2147483647;
			files = (
				8A2927FF2BF97E1800B7864A /* ContentView.swift in Sources */,
				8A2928012BF97E1800B7864A /* Item.swift in Sources */,
				8AC0DE5B2E28D0D000178E8E /* GLMService.swift in Sources */,
				8AC0DE5C2E28D0D000178E8E /* AIAnalysisView.swift in Sources */,
				8A2927FD2BF97E1800B7864A /* paceringApp.swift in Sources */,
				8A9B64232C4F9B050032320A /* WorkAppsView.swift in Sources */,
			);
			runOnlyForDeploymentPostprocessing = 0;
		};
		8A2928082BF97E1A00B7864A /* Sources */ = {
			isa = PBXSourcesBuildPhase;
			buildActionMask = 2147483647;
			files = (
				8A2928112BF97E1A00B7864A /* paceringTests.swift in Sources */,
			);
			runOnlyForDeploymentPostprocessing = 0;
		};
		8A2928122BF97E1A00B7864A /* Sources */ = {
			isa = PBXSourcesBuildPhase;
			buildActionMask = 2147483647;
			files = (
				8A29281D2BF97E1A00B7864A /* paceringUITestsLaunchTests.swift in Sources */,
				8A29281B2BF97E1A00B7864A /* paceringUITests.swift in Sources */,
			);
			runOnlyForDeploymentPostprocessing = 0;
		};
		8A5CAB542C85C0A200773882 /* Sources */ = {
			isa = PBXSourcesBuildPhase;
			buildActionMask = 2147483647;
			files = (
			);
			runOnlyForDeploymentPostprocessing = 0;
		};
		8A5CAB622C85C0A400773882 /* Sources */ = {
			isa = PBXSourcesBuildPhase;
			buildActionMask = 2147483647;
			files = (
			);
			runOnlyForDeploymentPostprocessing = 0;
		};
		8A5CAB6C2C85C0A400773882 /* Sources */ = {
			isa = PBXSourcesBuildPhase;
			buildActionMask = 2147483647;
			files = (
			);
			runOnlyForDeploymentPostprocessing = 0;
		};
/* End PBXSourcesBuildPhase section */

/* Begin PBXTargetDependency section */
		8A29280E2BF97E1A00B7864A /* PBXTargetDependency */ = {
			isa = PBXTargetDependency;
			target = 8A2927F82BF97E1800B7864A /* Pacering */;
			targetProxy = 8A29280D2BF97E1A00B7864A /* PBXContainerItemProxy */;
		};
		8A2928182BF97E1A00B7864A /* PBXTargetDependency */ = {
			isa = PBXTargetDependency;
			target = 8A2927F82BF97E1800B7864A /* Pacering */;
			targetProxy = 8A2928172BF97E1A00B7864A /* PBXContainerItemProxy */;
		};
		8A5CAB682C85C0A400773882 /* PBXTargetDependency */ = {
			isa = PBXTargetDependency;
			target = 8A5CAB572C85C0A200773882 /* Pacering Helper */;
			targetProxy = 8A5CAB672C85C0A400773882 /* PBXContainerItemProxy */;
		};
		8A5CAB722C85C0A400773882 /* PBXTargetDependency */ = {
			isa = PBXTargetDependency;
			target = 8A5CAB572C85C0A200773882 /* Pacering Helper */;
			targetProxy = 8A5CAB712C85C0A400773882 /* PBXContainerItemProxy */;
		};
/* End PBXTargetDependency section */

/* Begin XCBuildConfiguration section */
		8A29281E2BF97E1A00B7864A /* Debug */ = {
			isa = XCBuildConfiguration;
			buildSettings = {
				ALWAYS_SEARCH_USER_PATHS = NO;
				ASSETCATALOG_COMPILER_GENERATE_SWIFT_ASSET_SYMBOL_EXTENSIONS = YES;
				CLANG_ANALYZER_NONNULL = YES;
				CLANG_ANALYZER_NUMBER_OBJECT_CONVERSION = YES_AGGRESSIVE;
				CLANG_CXX_LANGUAGE_STANDARD = "gnu++20";
				CLANG_ENABLE_MODULES = YES;
				CLANG_ENABLE_OBJC_ARC = YES;
				CLANG_ENABLE_OBJC_WEAK = YES;
				CLANG_WARN_BLOCK_CAPTURE_AUTORELEASING = YES;
				CLANG_WARN_BOOL_CONVERSION = YES;
				CLANG_WARN_COMMA = YES;
				CLANG_WARN_CONSTANT_CONVERSION = YES;
				CLANG_WARN_DEPRECATED_OBJC_IMPLEMENTATIONS = YES;
				CLANG_WARN_DIRECT_OBJC_ISA_USAGE = YES_ERROR;
				CLANG_WARN_DOCUMENTATION_COMMENTS = YES;
				CLANG_WARN_EMPTY_BODY = YES;
				CLANG_WARN_ENUM_CONVERSION = YES;
				CLANG_WARN_INFINITE_RECURSION = YES;
				CLANG_WARN_INT_CONVERSION = YES;
				CLANG_WARN_NON_LITERAL_NULL_CONVERSION = YES;
				CLANG_WARN_OBJC_IMPLICIT_RETAIN_SELF = YES;
				CLANG_WARN_OBJC_LITERAL_CONVERSION = YES;
				CLANG_WARN_OBJC_ROOT_CLASS = YES_ERROR;
				CLANG_WARN_QUOTED_INCLUDE_IN_FRAMEWORK_HEADER = YES;
				CLANG_WARN_RANGE_LOOP_ANALYSIS = YES;
				CLANG_WARN_STRICT_PROTOTYPES = YES;
				CLANG_WARN_SUSPICIOUS_MOVE = YES;
				CLANG_WARN_UNGUARDED_AVAILABILITY = YES_AGGRESSIVE;
				CLANG_WARN_UNREACHABLE_CODE = YES;
				CLANG_WARN__DUPLICATE_METHOD_MATCH = YES;
				COPY_PHASE_STRIP = NO;
				DEAD_CODE_STRIPPING = YES;
				DEBUG_INFORMATION_FORMAT = dwarf;
				ENABLE_STRICT_OBJC_MSGSEND = YES;
				ENABLE_TESTABILITY = YES;
				ENABLE_USER_SCRIPT_SANDBOXING = YES;
				GCC_C_LANGUAGE_STANDARD = gnu17;
				GCC_DYNAMIC_NO_PIC = NO;
				GCC_NO_COMMON_BLOCKS = YES;
				GCC_OPTIMIZATION_LEVEL = 0;
				GCC_PREPROCESSOR_DEFINITIONS = (
					"DEBUG=1",
					"$(inherited)",
				);
				GCC_WARN_64_TO_32_BIT_CONVERSION = YES;
				GCC_WARN_ABOUT_RETURN_TYPE = YES_ERROR;
				GCC_WARN_UNDECLARED_SELECTOR = YES;
				GCC_WARN_UNINITIALIZED_AUTOS = YES_AGGRESSIVE;
				GCC_WARN_UNUSED_FUNCTION = YES;
				GCC_WARN_UNUSED_VARIABLE = YES;
				LOCALIZATION_PREFERS_STRING_CATALOGS = YES;
				MTL_ENABLE_DEBUG_INFO = INCLUDE_SOURCE;
				MTL_FAST_MATH = YES;
				ONLY_ACTIVE_ARCH = YES;
				SWIFT_ACTIVE_COMPILATION_CONDITIONS = "DEBUG $(inherited)";
				SWIFT_OPTIMIZATION_LEVEL = "-Onone";
			};
			name = Debug;
		};
		8A29281F2BF97E1A00B7864A /* Release */ = {
			isa = XCBuildConfiguration;
			buildSettings = {
				ALWAYS_SEARCH_USER_PATHS = NO;
				ASSETCATALOG_COMPILER_GENERATE_SWIFT_ASSET_SYMBOL_EXTENSIONS = YES;
				CLANG_ANALYZER_NONNULL = YES;
				CLANG_ANALYZER_NUMBER_OBJECT_CONVERSION = YES_AGGRESSIVE;
				CLANG_CXX_LANGUAGE_STANDARD = "gnu++20";
				CLANG_ENABLE_MODULES = YES;
				CLANG_ENABLE_OBJC_ARC = YES;
				CLANG_ENABLE_OBJC_WEAK = YES;
				CLANG_WARN_BLOCK_CAPTURE_AUTORELEASING = YES;
				CLANG_WARN_BOOL_CONVERSION = YES;
				CLANG_WARN_COMMA = YES;
				CLANG_WARN_CONSTANT_CONVERSION = YES;
				CLANG_WARN_DEPRECATED_OBJC_IMPLEMENTATIONS = YES;
				CLANG_WARN_DIRECT_OBJC_ISA_USAGE = YES_ERROR;
				CLANG_WARN_DOCUMENTATION_COMMENTS = YES;
				CLANG_WARN_EMPTY_BODY = YES;
				CLANG_WARN_ENUM_CONVERSION = YES;
				CLANG_WARN_INFINITE_RECURSION = YES;
				CLANG_WARN_INT_CONVERSION = YES;
				CLANG_WARN_NON_LITERAL_NULL_CONVERSION = YES;
				CLANG_WARN_OBJC_IMPLICIT_RETAIN_SELF = YES;
				CLANG_WARN_OBJC_LITERAL_CONVERSION = YES;
				CLANG_WARN_OBJC_ROOT_CLASS = YES_ERROR;
				CLANG_WARN_QUOTED_INCLUDE_IN_FRAMEWORK_HEADER = YES;
				CLANG_WARN_RANGE_LOOP_ANALYSIS = YES;
				CLANG_WARN_STRICT_PROTOTYPES = YES;
				CLANG_WARN_SUSPICIOUS_MOVE = YES;
				CLANG_WARN_UNGUARDED_AVAILABILITY = YES_AGGRESSIVE;
				CLANG_WARN_UNREACHABLE_CODE = YES;
				CLANG_WARN__DUPLICATE_METHOD_MATCH = YES;
				COPY_PHASE_STRIP = NO;
				DEAD_CODE_STRIPPING = YES;
				DEBUG_INFORMATION_FORMAT = "dwarf-with-dsym";
				ENABLE_NS_ASSERTIONS = NO;
				ENABLE_STRICT_OBJC_MSGSEND = YES;
				ENABLE_USER_SCRIPT_SANDBOXING = YES;
				GCC_C_LANGUAGE_STANDARD = gnu17;
				GCC_NO_COMMON_BLOCKS = YES;
				GCC_WARN_64_TO_32_BIT_CONVERSION = YES;
				GCC_WARN_ABOUT_RETURN_TYPE = YES_ERROR;
				GCC_WARN_UNDECLARED_SELECTOR = YES;
				GCC_WARN_UNINITIALIZED_AUTOS = YES_AGGRESSIVE;
				GCC_WARN_UNUSED_FUNCTION = YES;
				GCC_WARN_UNUSED_VARIABLE = YES;
				LOCALIZATION_PREFERS_STRING_CATALOGS = YES;
				MTL_ENABLE_DEBUG_INFO = NO;
				MTL_FAST_MATH = YES;
				SWIFT_COMPILATION_MODE = wholemodule;
			};
			name = Release;
		};
		8A2928212BF97E1A00B7864A /* Debug */ = {
			isa = XCBuildConfiguration;
			buildSettings = {
				ASSETCATALOG_COMPILER_APPICON_NAME = AppIcon;
				ASSETCATALOG_COMPILER_GLOBAL_ACCENT_COLOR_NAME = AccentColor;
				CODE_SIGN_ENTITLEMENTS = pacering/pacering.entitlements;
				CODE_SIGN_STYLE = Automatic;
				CURRENT_PROJECT_VERSION = 5;
				DEAD_CODE_STRIPPING = YES;
				DEVELOPMENT_ASSET_PATHS = "\"pacering/Preview Content\"";
				ENABLE_PREVIEWS = YES;
				GENERATE_INFOPLIST_FILE = YES;
				INFOPLIST_KEY_CFBundleDisplayName = Pacering;
				INFOPLIST_KEY_LSApplicationCategoryType = "public.app-category.productivity";
				"INFOPLIST_KEY_UIApplicationSceneManifest_Generation[sdk=iphoneos*]" = YES;
				"INFOPLIST_KEY_UIApplicationSceneManifest_Generation[sdk=iphonesimulator*]" = YES;
				"INFOPLIST_KEY_UIApplicationSupportsIndirectInputEvents[sdk=iphoneos*]" = YES;
				"INFOPLIST_KEY_UIApplicationSupportsIndirectInputEvents[sdk=iphonesimulator*]" = YES;
				"INFOPLIST_KEY_UILaunchScreen_Generation[sdk=iphoneos*]" = YES;
				"INFOPLIST_KEY_UILaunchScreen_Generation[sdk=iphonesimulator*]" = YES;
				"INFOPLIST_KEY_UIStatusBarStyle[sdk=iphoneos*]" = UIStatusBarStyleDefault;
				"INFOPLIST_KEY_UIStatusBarStyle[sdk=iphonesimulator*]" = UIStatusBarStyleDefault;
				INFOPLIST_KEY_UISupportedInterfaceOrientations_iPad = "UIInterfaceOrientationPortrait UIInterfaceOrientationPortraitUpsideDown UIInterfaceOrientationLandscapeLeft UIInterfaceOrientationLandscapeRight";
				INFOPLIST_KEY_UISupportedInterfaceOrientations_iPhone = "UIInterfaceOrientationPortrait UIInterfaceOrientationLandscapeLeft UIInterfaceOrientationLandscapeRight";
				IPHONEOS_DEPLOYMENT_TARGET = 17.5;
				LD_RUNPATH_SEARCH_PATHS = "@executable_path/Frameworks";
				"LD_RUNPATH_SEARCH_PATHS[sdk=macosx*]" = "@executable_path/../Frameworks";
				MACOSX_DEPLOYMENT_TARGET = 13.5;
				MARKETING_VERSION = 9.0;
				PRODUCT_BUNDLE_IDENTIFIER = panorai.pacering;
				PRODUCT_NAME = "$(TARGET_NAME)";
				SDKROOT = auto;
				SUPPORTED_PLATFORMS = macosx;
				SUPPORTS_MACCATALYST = NO;
				SWIFT_EMIT_LOC_STRINGS = YES;
				SWIFT_VERSION = 5.0;
			};
			name = Debug;
		};
		8A2928222BF97E1A00B7864A /* Release */ = {
			isa = XCBuildConfiguration;
			buildSettings = {
				ASSETCATALOG_COMPILER_APPICON_NAME = AppIcon;
				ASSETCATALOG_COMPILER_GLOBAL_ACCENT_COLOR_NAME = AccentColor;
				CODE_SIGN_ENTITLEMENTS = pacering/pacering.entitlements;
				CODE_SIGN_STYLE = Automatic;
				CURRENT_PROJECT_VERSION = 5;
				DEAD_CODE_STRIPPING = YES;
				DEVELOPMENT_ASSET_PATHS = "\"pacering/Preview Content\"";
				ENABLE_PREVIEWS = YES;
				GENERATE_INFOPLIST_FILE = YES;
				INFOPLIST_KEY_CFBundleDisplayName = Pacering;
				INFOPLIST_KEY_LSApplicationCategoryType = "public.app-category.productivity";
				"INFOPLIST_KEY_UIApplicationSceneManifest_Generation[sdk=iphoneos*]" = YES;
				"INFOPLIST_KEY_UIApplicationSceneManifest_Generation[sdk=iphonesimulator*]" = YES;
				"INFOPLIST_KEY_UIApplicationSupportsIndirectInputEvents[sdk=iphoneos*]" = YES;
				"INFOPLIST_KEY_UIApplicationSupportsIndirectInputEvents[sdk=iphonesimulator*]" = YES;
				"INFOPLIST_KEY_UILaunchScreen_Generation[sdk=iphoneos*]" = YES;
				"INFOPLIST_KEY_UILaunchScreen_Generation[sdk=iphonesimulator*]" = YES;
				"INFOPLIST_KEY_UIStatusBarStyle[sdk=iphoneos*]" = UIStatusBarStyleDefault;
				"INFOPLIST_KEY_UIStatusBarStyle[sdk=iphonesimulator*]" = UIStatusBarStyleDefault;
				INFOPLIST_KEY_UISupportedInterfaceOrientations_iPad = "UIInterfaceOrientationPortrait UIInterfaceOrientationPortraitUpsideDown UIInterfaceOrientationLandscapeLeft UIInterfaceOrientationLandscapeRight";
				INFOPLIST_KEY_UISupportedInterfaceOrientations_iPhone = "UIInterfaceOrientationPortrait UIInterfaceOrientationLandscapeLeft UIInterfaceOrientationLandscapeRight";
				IPHONEOS_DEPLOYMENT_TARGET = 17.5;
				LD_RUNPATH_SEARCH_PATHS = "@executable_path/Frameworks";
				"LD_RUNPATH_SEARCH_PATHS[sdk=macosx*]" = "@executable_path/../Frameworks";
				MACOSX_DEPLOYMENT_TARGET = 13.5;
				MARKETING_VERSION = 9.0;
				PRODUCT_BUNDLE_IDENTIFIER = panorai.pacering;
				PRODUCT_NAME = "$(TARGET_NAME)";
				SDKROOT = auto;
				SUPPORTED_PLATFORMS = macosx;
				SUPPORTS_MACCATALYST = NO;
				SWIFT_EMIT_LOC_STRINGS = YES;
				SWIFT_VERSION = 5.0;
			};
			name = Release;
		};
		8A2928242BF97E1A00B7864A /* Debug */ = {
			isa = XCBuildConfiguration;
			buildSettings = {
				BUNDLE_LOADER = "$(TEST_HOST)";
				CODE_SIGN_STYLE = Automatic;
				CURRENT_PROJECT_VERSION = 1;
				DEAD_CODE_STRIPPING = YES;
				GENERATE_INFOPLIST_FILE = YES;
				IPHONEOS_DEPLOYMENT_TARGET = 17.5;
				MACOSX_DEPLOYMENT_TARGET = 14.4;
				MARKETING_VERSION = 1.0;
				PRODUCT_BUNDLE_IDENTIFIER = panorai.paceringTests;
				PRODUCT_NAME = "$(TARGET_NAME)";
				SDKROOT = auto;
				SUPPORTED_PLATFORMS = "iphoneos iphonesimulator macosx";
				SWIFT_EMIT_LOC_STRINGS = NO;
				SWIFT_VERSION = 5.0;
				TARGETED_DEVICE_FAMILY = "1,2";
				TEST_HOST = "$(BUILT_PRODUCTS_DIR)/pacering.app/$(BUNDLE_EXECUTABLE_FOLDER_PATH)/pacering";
			};
			name = Debug;
		};
		8A2928252BF97E1A00B7864A /* Release */ = {
			isa = XCBuildConfiguration;
			buildSettings = {
				BUNDLE_LOADER = "$(TEST_HOST)";
				CODE_SIGN_STYLE = Automatic;
				CURRENT_PROJECT_VERSION = 1;
				DEAD_CODE_STRIPPING = YES;
				GENERATE_INFOPLIST_FILE = YES;
				IPHONEOS_DEPLOYMENT_TARGET = 17.5;
				MACOSX_DEPLOYMENT_TARGET = 14.4;
				MARKETING_VERSION = 1.0;
				PRODUCT_BUNDLE_IDENTIFIER = panorai.paceringTests;
				PRODUCT_NAME = "$(TARGET_NAME)";
				SDKROOT = auto;
				SUPPORTED_PLATFORMS = "iphoneos iphonesimulator macosx";
				SWIFT_EMIT_LOC_STRINGS = NO;
				SWIFT_VERSION = 5.0;
				TARGETED_DEVICE_FAMILY = "1,2";
				TEST_HOST = "$(BUILT_PRODUCTS_DIR)/pacering.app/$(BUNDLE_EXECUTABLE_FOLDER_PATH)/pacering";
			};
			name = Release;
		};
		8A2928272BF97E1A00B7864A /* Debug */ = {
			isa = XCBuildConfiguration;
			buildSettings = {
				CODE_SIGN_STYLE = Automatic;
				CURRENT_PROJECT_VERSION = 1;
				DEAD_CODE_STRIPPING = YES;
				GENERATE_INFOPLIST_FILE = YES;
				IPHONEOS_DEPLOYMENT_TARGET = 17.5;
				MACOSX_DEPLOYMENT_TARGET = 14.4;
				MARKETING_VERSION = 1.0;
				PRODUCT_BUNDLE_IDENTIFIER = panorai.paceringUITests;
				PRODUCT_NAME = "$(TARGET_NAME)";
				SDKROOT = auto;
				SUPPORTED_PLATFORMS = "iphoneos iphonesimulator macosx";
				SWIFT_EMIT_LOC_STRINGS = NO;
				SWIFT_VERSION = 5.0;
				TARGETED_DEVICE_FAMILY = "1,2";
				TEST_TARGET_NAME = pacering;
			};
			name = Debug;
		};
		8A2928282BF97E1A00B7864A /* Release */ = {
			isa = XCBuildConfiguration;
			buildSettings = {
				CODE_SIGN_STYLE = Automatic;
				CURRENT_PROJECT_VERSION = 1;
				DEAD_CODE_STRIPPING = YES;
				GENERATE_INFOPLIST_FILE = YES;
				IPHONEOS_DEPLOYMENT_TARGET = 17.5;
				MACOSX_DEPLOYMENT_TARGET = 14.4;
				MARKETING_VERSION = 1.0;
				PRODUCT_BUNDLE_IDENTIFIER = panorai.paceringUITests;
				PRODUCT_NAME = "$(TARGET_NAME)";
				SDKROOT = auto;
				SUPPORTED_PLATFORMS = "iphoneos iphonesimulator macosx";
				SWIFT_EMIT_LOC_STRINGS = NO;
				SWIFT_VERSION = 5.0;
				TARGETED_DEVICE_FAMILY = "1,2";
				TEST_TARGET_NAME = pacering;
			};
			name = Release;
		};
		8A5CAB782C85C0A400773882 /* Debug */ = {
			isa = XCBuildConfiguration;
			buildSettings = {
				ASSETCATALOG_COMPILER_APPICON_NAME = AppIcon;
				ASSETCATALOG_COMPILER_GLOBAL_ACCENT_COLOR_NAME = AccentColor;
				CODE_SIGN_ENTITLEMENTS = "Pacering Helper/Pacering_Helper.entitlements";
				CODE_SIGN_STYLE = Automatic;
				COMBINE_HIDPI_IMAGES = YES;
				CURRENT_PROJECT_VERSION = 1;
				DEAD_CODE_STRIPPING = YES;
				GENERATE_INFOPLIST_FILE = YES;
				INFOPLIST_KEY_NSHumanReadableCopyright = "";
				INFOPLIST_KEY_NSMainNibFile = MainMenu;
				INFOPLIST_KEY_NSPrincipalClass = NSApplication;
				LD_RUNPATH_SEARCH_PATHS = (
					"$(inherited)",
					"@executable_path/../Frameworks",
				);
				MACOSX_DEPLOYMENT_TARGET = 15.0;
				MARKETING_VERSION = 1.0;
				PRODUCT_BUNDLE_IDENTIFIER = "panorai.Pacering-Helper";
				PRODUCT_NAME = "$(TARGET_NAME)";
				SDKROOT = macosx;
				SWIFT_EMIT_LOC_STRINGS = YES;
				SWIFT_VERSION = 5.0;
			};
			name = Debug;
		};
		8A5CAB792C85C0A400773882 /* Release */ = {
			isa = XCBuildConfiguration;
			buildSettings = {
				ASSETCATALOG_COMPILER_APPICON_NAME = AppIcon;
				ASSETCATALOG_COMPILER_GLOBAL_ACCENT_COLOR_NAME = AccentColor;
				CODE_SIGN_ENTITLEMENTS = "Pacering Helper/Pacering_Helper.entitlements";
				CODE_SIGN_STYLE = Automatic;
				COMBINE_HIDPI_IMAGES = YES;
				CURRENT_PROJECT_VERSION = 1;
				DEAD_CODE_STRIPPING = YES;
				GENERATE_INFOPLIST_FILE = YES;
				INFOPLIST_KEY_NSHumanReadableCopyright = "";
				INFOPLIST_KEY_NSMainNibFile = MainMenu;
				INFOPLIST_KEY_NSPrincipalClass = NSApplication;
				LD_RUNPATH_SEARCH_PATHS = (
					"$(inherited)",
					"@executable_path/../Frameworks",
				);
				MACOSX_DEPLOYMENT_TARGET = 15.0;
				MARKETING_VERSION = 1.0;
				PRODUCT_BUNDLE_IDENTIFIER = "panorai.Pacering-Helper";
				PRODUCT_NAME = "$(TARGET_NAME)";
				SDKROOT = macosx;
				SWIFT_EMIT_LOC_STRINGS = YES;
				SWIFT_VERSION = 5.0;
			};
			name = Release;
		};
		8A5CAB7A2C85C0A400773882 /* Debug */ = {
			isa = XCBuildConfiguration;
			buildSettings = {
				BUNDLE_LOADER = "$(TEST_HOST)";
				CODE_SIGN_STYLE = Automatic;
				CURRENT_PROJECT_VERSION = 1;
				DEAD_CODE_STRIPPING = YES;
				GENERATE_INFOPLIST_FILE = YES;
				MACOSX_DEPLOYMENT_TARGET = 15.0;
				MARKETING_VERSION = 1.0;
				PRODUCT_BUNDLE_IDENTIFIER = "panorai.Pacering-HelperTests";
				PRODUCT_NAME = "$(TARGET_NAME)";
				SDKROOT = macosx;
				SWIFT_EMIT_LOC_STRINGS = NO;
				SWIFT_VERSION = 5.0;
				TEST_HOST = "$(BUILT_PRODUCTS_DIR)/Pacering Helper.app/$(BUNDLE_EXECUTABLE_FOLDER_PATH)/Pacering Helper";
			};
			name = Debug;
		};
		8A5CAB7B2C85C0A400773882 /* Release */ = {
			isa = XCBuildConfiguration;
			buildSettings = {
				BUNDLE_LOADER = "$(TEST_HOST)";
				CODE_SIGN_STYLE = Automatic;
				CURRENT_PROJECT_VERSION = 1;
				DEAD_CODE_STRIPPING = YES;
				GENERATE_INFOPLIST_FILE = YES;
				MACOSX_DEPLOYMENT_TARGET = 15.0;
				MARKETING_VERSION = 1.0;
				PRODUCT_BUNDLE_IDENTIFIER = "panorai.Pacering-HelperTests";
				PRODUCT_NAME = "$(TARGET_NAME)";
				SDKROOT = macosx;
				SWIFT_EMIT_LOC_STRINGS = NO;
				SWIFT_VERSION = 5.0;
				TEST_HOST = "$(BUILT_PRODUCTS_DIR)/Pacering Helper.app/$(BUNDLE_EXECUTABLE_FOLDER_PATH)/Pacering Helper";
			};
			name = Release;
		};
		8A5CAB7C2C85C0A400773882 /* Debug */ = {
			isa = XCBuildConfiguration;
			buildSettings = {
				CODE_SIGN_STYLE = Automatic;
				CURRENT_PROJECT_VERSION = 1;
				DEAD_CODE_STRIPPING = YES;
				GENERATE_INFOPLIST_FILE = YES;
				MACOSX_DEPLOYMENT_TARGET = 15.0;
				MARKETING_VERSION = 1.0;
				PRODUCT_BUNDLE_IDENTIFIER = "panorai.Pacering-HelperUITests";
				PRODUCT_NAME = "$(TARGET_NAME)";
				SDKROOT = macosx;
				SWIFT_EMIT_LOC_STRINGS = NO;
				SWIFT_VERSION = 5.0;
				TEST_TARGET_NAME = "Pacering Helper";
			};
			name = Debug;
		};
		8A5CAB7D2C85C0A400773882 /* Release */ = {
			isa = XCBuildConfiguration;
			buildSettings = {
				CODE_SIGN_STYLE = Automatic;
				CURRENT_PROJECT_VERSION = 1;
				DEAD_CODE_STRIPPING = YES;
				GENERATE_INFOPLIST_FILE = YES;
				MACOSX_DEPLOYMENT_TARGET = 15.0;
				MARKETING_VERSION = 1.0;
				PRODUCT_BUNDLE_IDENTIFIER = "panorai.Pacering-HelperUITests";
				PRODUCT_NAME = "$(TARGET_NAME)";
				SDKROOT = macosx;
				SWIFT_EMIT_LOC_STRINGS = NO;
				SWIFT_VERSION = 5.0;
				TEST_TARGET_NAME = "Pacering Helper";
			};
			name = Release;
		};
/* End XCBuildConfiguration section */

/* Begin XCConfigurationList section */
		8A2927F42BF97E1800B7864A /* Build configuration list for PBXProject "pacering" */ = {
			isa = XCConfigurationList;
			buildConfigurations = (
				8A29281E2BF97E1A00B7864A /* Debug */,
				8A29281F2BF97E1A00B7864A /* Release */,
			);
			defaultConfigurationIsVisible = 0;
			defaultConfigurationName = Release;
		};
		8A2928202BF97E1A00B7864A /* Build configuration list for PBXNativeTarget "Pacering" */ = {
			isa = XCConfigurationList;
			buildConfigurations = (
				8A2928212BF97E1A00B7864A /* Debug */,
				8A2928222BF97E1A00B7864A /* Release */,
			);
			defaultConfigurationIsVisible = 0;
			defaultConfigurationName = Release;
		};
		8A2928232BF97E1A00B7864A /* Build configuration list for PBXNativeTarget "paceringTests" */ = {
			isa = XCConfigurationList;
			buildConfigurations = (
				8A2928242BF97E1A00B7864A /* Debug */,
				8A2928252BF97E1A00B7864A /* Release */,
			);
			defaultConfigurationIsVisible = 0;
			defaultConfigurationName = Release;
		};
		8A2928262BF97E1A00B7864A /* Build configuration list for PBXNativeTarget "paceringUITests" */ = {
			isa = XCConfigurationList;
			buildConfigurations = (
				8A2928272BF97E1A00B7864A /* Debug */,
				8A2928282BF97E1A00B7864A /* Release */,
			);
			defaultConfigurationIsVisible = 0;
			defaultConfigurationName = Release;
		};
		8A5CAB7F2C85C0A400773882 /* Build configuration list for PBXNativeTarget "Pacering Helper" */ = {
			isa = XCConfigurationList;
			buildConfigurations = (
				8A5CAB782C85C0A400773882 /* Debug */,
				8A5CAB792C85C0A400773882 /* Release */,
			);
			defaultConfigurationIsVisible = 0;
			defaultConfigurationName = Release;
		};
		8A5CAB812C85C0A400773882 /* Build configuration list for PBXNativeTarget "Pacering HelperTests" */ = {
			isa = XCConfigurationList;
			buildConfigurations = (
				8A5CAB7A2C85C0A400773882 /* Debug */,
				8A5CAB7B2C85C0A400773882 /* Release */,
			);
			defaultConfigurationIsVisible = 0;
			defaultConfigurationName = Release;
		};
		8A5CAB822C85C0A400773882 /* Build configuration list for PBXNativeTarget "Pacering HelperUITests" */ = {
			isa = XCConfigurationList;
			buildConfigurations = (
				8A5CAB7C2C85C0A400773882 /* Debug */,
				8A5CAB7D2C85C0A400773882 /* Release */,
			);
			defaultConfigurationIsVisible = 0;
			defaultConfigurationName = Release;
		};
/* End XCConfigurationList section */
	};
	rootObject = 8A2927F12BF97E1800B7864A /* Project object */;
}
